
Microsoft Visual Studio Solution File, Format Version 12.00
# Visual Studio Version 16
VisualStudioVersion = 16.0.31019.35
MinimumVisualStudioVersion = 10.0.40219.1
Project("{FAE04EC0-301F-11D3-BF4B-00C04F79EFBC}") = "CV1_Pri03", "CV1_Pri03\CV1_Pri03.csproj", "{52AC81C8-F8F4-4914-B173-9321D5FC2802}"
EndProject
Global
	GlobalSection(SolutionConfigurationPlatforms) = preSolution
		Debug|Any CPU = Debug|Any CPU
		Release|Any CPU = Release|Any CPU
	EndGlobalSection
	GlobalSection(ProjectConfigurationPlatforms) = postSolution
		{52AC81C8-F8F4-4914-B173-9321D5FC2802}.Debug|Any CPU.ActiveCfg = Debug|Any CPU
		{52AC81C8-F8F4-4914-B173-9321D5FC2802}.Debug|Any CPU.Build.0 = Debug|Any CPU
		{52AC81C8-F8F4-4914-B173-9321D5FC2802}.Release|Any CPU.ActiveCfg = Release|Any CPU
		{52AC81C8-F8F4-4914-B173-9321D5FC2802}.Release|Any CPU.Build.0 = Release|Any CPU
	EndGlobalSection
	GlobalSection(SolutionProperties) = preSolution
		HideSolutionNode = FALSE
	EndGlobalSection
	GlobalSection(ExtensibilityGlobals) = postSolution
		SolutionGuid = {E74BC985-E85E-4894-B8D0-41FD025BCD9B}
	EndGlobalSection
EndGlobal
